// !$*UTF8*$!
{
	archiveVersion = 1;
	classes = {
	};
	objectVersion = 46;
	objects = {

/* Begin PBXBuildFile section */
		8BA6029A1F4AC15E007C0ED5 /* TaskItem.swift in Sources */ = {isa = PBXBuildFile; fileRef = 8BA602991F4AC15E007C0ED5 /* TaskItem.swift */; };
		8BA6029C1F4AC358007C0ED5 /* TaskTableViewController.swift in Sources */ = {isa = PBXBuildFile; fileRef = 8BA6029B1F4AC358007C0ED5 /* TaskTableViewController.swift */; };
		8BA6029E1F4AC426007C0ED5 /* TaskTableViewCell.swift in Sources */ = {isa = PBXBuildFile; fileRef = 8BA6029D1F4AC426007C0ED5 /* TaskTableViewCell.swift */; };
		8BD602EC1F45AC0000C8E13F /* AppDelegate.swift in Sources */ = {isa = PBXBuildFile; fileRef = 8BD602EB1F45AC0000C8E13F /* AppDelegate.swift */; };
		8BD602EE1F45AC0000C8E13F /* TaskViewController.swift in Sources */ = {isa = PBXBuildFile; fileRef = 8BD602ED1F45AC0000C8E13F /* TaskViewController.swift */; };
		8BD602F11F45AC0000C8E13F /* Main.storyboard in Resources */ = {isa = PBXBuildFile; fileRef = 8BD602EF1F45AC0000C8E13F /* Main.storyboard */; };
		8BD602F31F45AC0000C8E13F /* Assets.xcassets in Resources */ = {isa = PBXBuildFile; fileRef = 8BD602F21F45AC0000C8E13F /* Assets.xcassets */; };
		8BD602F61F45AC0000C8E13F /* LaunchScreen.storyboard in Resources */ = {isa = PBXBuildFile; fileRef = 8BD602F41F45AC0000C8E13F /* LaunchScreen.storyboard */; };
		8BD603011F45AC0000C8E13F /* ABTodolistTests.swift in Sources */ = {isa = PBXBuildFile; fileRef = 8BD603001F45AC0000C8E13F /* ABTodolistTests.swift */; };
/* End PBXBuildFile section */

/* Begin PBXContainerItemProxy section */
		8BD602FD1F45AC0000C8E13F /* PBXContainerItemProxy */ = {
			isa = PBXContainerItemProxy;
			containerPortal = 8BD602E01F45AC0000C8E13F /* Project object */;
			proxyType = 1;
			remoteGlobalIDString = 8BD602E71F45AC0000C8E13F;
			remoteInfo = ABTodolist;
		};
/* End PBXContainerItemProxy section */

/* Begin PBXFileReference section */
		8BA602991F4AC15E007C0ED5 /* TaskItem.swift */ = {isa = PBXFileReference; fileEncoding = 4; lastKnownFileType = sourcecode.swift; path = TaskItem.swift; sourceTree = "<group>"; };
		8BA6029B1F4AC358007C0ED5 /* TaskTableViewController.swift */ = {isa = PBXFileReference; fileEncoding = 4; lastKnownFileType = sourcecode.swift; path = TaskTableViewController.swift; sourceTree = "<group>"; };
		8BA6029D1F4AC426007C0ED5 /* TaskTableViewCell.swift */ = {isa = PBXFileReference; fileEncoding = 4; lastKnownFileType = sourcecode.swift; path = TaskTableViewCell.swift; sourceTree = "<group>"; };
		8BD602E81F45AC0000C8E13F /* ABTodolist.app */ = {isa = PBXFileReference; explicitFileType = wrapper.application; includeInIndex = 0; path = ABTodolist.app; sourceTree = BUILT_PRODUCTS_DIR; };
		8BD602EB1F45AC0000C8E13F /* AppDelegate.swift */ = {isa = PBXFileReference; lastKnownFileType = sourcecode.swift; path = AppDelegate.swift; sourceTree = "<group>"; };
		8BD602ED1F45AC0000C8E13F /* TaskViewController.swift */ = {isa = PBXFileReference; lastKnownFileType = sourcecode.swift; path = TaskViewController.swift; sourceTree = "<group>"; };
		8BD602F01F45AC0000C8E13F /* Base */ = {isa = PBXFileReference; lastKnownFileType = file.storyboard; name = Base; path = Base.lproj/Main.storyboard; sourceTree = "<group>"; };
		8BD602F21F45AC0000C8E13F /* Assets.xcassets */ = {isa = PBXFileReference; lastKnownFileType = folder.assetcatalog; path = Assets.xcassets; sourceTree = "<group>"; };
		8BD602F51F45AC0000C8E13F /* Base */ = {isa = PBXFileReference; lastKnownFileType = file.storyboard; name = Base; path = Base.lproj/LaunchScreen.storyboard; sourceTree = "<group>"; };
		8BD602F71F45AC0000C8E13F /* Info.plist */ = {isa = PBXFileReference; lastKnownFileType = text.plist.xml; path = Info.plist; sourceTree = "<group>"; };
		8BD602FC1F45AC0000C8E13F /* ABTodolistTests.xctest */ = {isa = PBXFileReference; explicitFileType = wrapper.cfbundle; includeInIndex = 0; path = ABTodolistTests.xctest; sourceTree = BUILT_PRODUCTS_DIR; };
		8BD603001F45AC0000C8E13F /* ABTodolistTests.swift */ = {isa = PBXFileReference; lastKnownFileType = sourcecode.swift; path = ABTodolistTests.swift; sourceTree = "<group>"; };
		8BD603021F45AC0000C8E13F /* Info.plist */ = {isa = PBXFileReference; lastKnownFileType = text.plist.xml; path = Info.plist; sourceTree = "<group>"; };
/* End PBXFileReference section */

/* Begin PBXFrameworksBuildPhase section */
		8BD602E51F45AC0000C8E13F /* Frameworks */ = {
			isa = PBXFrameworksBuildPhase;
			buildActionMask = 2147483647;
			files = (
			);
			runOnlyForDeploymentPostprocessing = 0;
		};
		8BD602F91F45AC0000C8E13F /* Frameworks */ = {
			isa = PBXFrameworksBuildPhase;
			buildActionMask = 2147483647;
			files = (
			);
			runOnlyForDeploymentPostprocessing = 0;
		};
/* End PBXFrameworksBuildPhase section */

/* Begin PBXGroup section */
		8BD602DF1F45AC0000C8E13F = {
			isa = PBXGroup;
			children = (
				8BD602EA1F45AC0000C8E13F /* ABTodolist */,
				8BD602FF1F45AC0000C8E13F /* ABTodolistTests */,
				8BD602E91F45AC0000C8E13F /* Products */,
			);
			sourceTree = "<group>";
		};
		8BD602E91F45AC0000C8E13F /* Products */ = {
			isa = PBXGroup;
			children = (
				8BD602E81F45AC0000C8E13F /* ABTodolist.app */,
				8BD602FC1F45AC0000C8E13F /* ABTodolistTests.xctest */,
			);
			name = Products;
			sourceTree = "<group>";
		};
		8BD602EA1F45AC0000C8E13F /* ABTodolist */ = {
			isa = PBXGroup;
			children = (
				8BD602EB1F45AC0000C8E13F /* AppDelegate.swift */,
				8BD602ED1F45AC0000C8E13F /* TaskViewController.swift */,
				8BA6029B1F4AC358007C0ED5 /* TaskTableViewController.swift */,
				8BA6029D1F4AC426007C0ED5 /* TaskTableViewCell.swift */,
				8BA602991F4AC15E007C0ED5 /* TaskItem.swift */,
				8BD602EF1F45AC0000C8E13F /* Main.storyboard */,
				8BD602F21F45AC0000C8E13F /* Assets.xcassets */,
				8BD602F41F45AC0000C8E13F /* LaunchScreen.storyboard */,
				8BD602F71F45AC0000C8E13F /* Info.plist */,
			);
			path = ABTodolist;
			sourceTree = "<group>";
		};
		8BD602FF1F45AC0000C8E13F /* ABTodolistTests */ = {
			isa = PBXGroup;
			children = (
				8BD603001F45AC0000C8E13F /* ABTodolistTests.swift */,
				8BD603021F45AC0000C8E13F /* Info.plist */,
			);
			path = ABTodolistTests;
			sourceTree = "<group>";
		};
/* End PBXGroup section */

/* Begin PBXNativeTarget section */
		8BD602E71F45AC0000C8E13F /* ABTodolist */ = {
			isa = PBXNativeTarget;
			buildConfigurationList = 8BD603051F45AC0000C8E13F /* Build configuration list for PBXNativeTarget "ABTodolist" */;
			buildPhases = (
				8BD602E41F45AC0000C8E13F /* Sources */,
				8BD602E51F45AC0000C8E13F /* Frameworks */,
				8BD602E61F45AC0000C8E13F /* Resources */,
			);
			buildRules = (
			);
			dependencies = (
			);
			name = ABTodolist;
			productName = ABTodolist;
			productReference = 8BD602E81F45AC0000C8E13F /* ABTodolist.app */;
			productType = "com.apple.product-type.application";
		};
		8BD602FB1F45AC0000C8E13F /* ABTodolistTests */ = {
			isa = PBXNativeTarget;
			buildConfigurationList = 8BD603081F45AC0000C8E13F /* Build configuration list for PBXNativeTarget "ABTodolistTests" */;
			buildPhases = (
				8BD602F81F45AC0000C8E13F /* Sources */,
				8BD602F91F45AC0000C8E13F /* Frameworks */,
				8BD602FA1F45AC0000C8E13F /* Resources */,
			);
			buildRules = (
			);
			dependencies = (
				8BD602FE1F45AC0000C8E13F /* PBXTargetDependency */,
			);
			name = ABTodolistTests;
			productName = ABTodolistTests;
			productReference = 8BD602FC1F45AC0000C8E13F /* ABTodolistTests.xctest */;
			productType = "com.apple.product-type.bundle.unit-test";
		};
/* End PBXNativeTarget section */

/* Begin PBXProject section */
		8BD602E01F45AC0000C8E13F /* Project object */ = {
			isa = PBXProject;
			attributes = {
				LastSwiftUpdateCheck = 0830;
				LastUpgradeCheck = 0830;
				ORGANIZATIONNAME = "Brosteau Alexandre";
				TargetAttributes = {
					8BD602E71F45AC0000C8E13F = {
						CreatedOnToolsVersion = 8.3.3;
						DevelopmentTeam = W8R8P386T7;
						ProvisioningStyle = Automatic;
					};
					8BD602FB1F45AC0000C8E13F = {
						CreatedOnToolsVersion = 8.3.3;
						ProvisioningStyle = Automatic;
						TestTargetID = 8BD602E71F45AC0000C8E13F;
					};
				};
			};
			buildConfigurationList = 8BD602E31F45AC0000C8E13F /* Build configuration list for PBXProject "ABTodolist" */;
			compatibilityVersion = "Xcode 3.2";
			developmentRegion = English;
			hasScannedForEncodings = 0;
			knownRegions = (
				en,
				Base,
			);
			mainGroup = 8BD602DF1F45AC0000C8E13F;
			productRefGroup = 8BD602E91F45AC0000C8E13F /* Products */;
			projectDirPath = "";
			projectRoot = "";
			targets = (
				8BD602E71F45AC0000C8E13F /* ABTodolist */,
				8BD602FB1F45AC0000C8E13F /* ABTodolistTests */,
			);
		};
/* End PBXProject section */

/* Begin PBXResourcesBuildPhase section */
		8BD602E61F45AC0000C8E13F /* Resources */ = {
			isa = PBXResourcesBuildPhase;
			buildActionMask = 2147483647;
			files = (
				8BD602F61F45AC0000C8E13F /* LaunchScreen.storyboard in Resources */,
				8BD602F31F45AC0000C8E13F /* Assets.xcassets in Resources */,
				8BD602F11F45AC0000C8E13F /* Main.storyboard in Resources */,
			);
			runOnlyForDeploymentPostprocessing = 0;
		};
		8BD602FA1F45AC0000C8E13F /* Resources */ = {
			isa = PBXResourcesBuildPhase;
			buildActionMask = 2147483647;
			files = (
			);
			runOnlyForDeploymentPostprocessing = 0;
		};
/* End PBXResourcesBuildPhase section */

/* Begin PBXSourcesBuildPhase section */
		8BD602E41F45AC0000C8E13F /* Sources */ = {
			isa = PBXSourcesBuildPhase;
			buildActionMask = 2147483647;
			files = (
				8BD602EE1F45AC0000C8E13F /* TaskViewController.swift in Sources */,
				8BA6029A1F4AC15E007C0ED5 /* TaskItem.swift in Sources */,
				8BA6029E1F4AC426007C0ED5 /* TaskTableViewCell.swift in Sources */,
				8BA6029C1F4AC358007C0ED5 /* TaskTableViewController.swift in Sources */,
				8BD602EC1F45AC0000C8E13F /* AppDelegate.swift in Sources */,
			);
			runOnlyForDeploymentPostprocessing = 0;
		};
		8BD602F81F45AC0000C8E13F /* Sources */ = {
			isa = PBXSourcesBuildPhase;
			buildActionMask = 2147483647;
			files = (
				8BD603011F45AC0000C8E13F /* ABTodolistTests.swift in Sources */,
			);
			runOnlyForDeploymentPostprocessing = 0;
		};
/* End PBXSourcesBuildPhase section */

/* Begin PBXTargetDependency section */
		8BD602FE1F45AC0000C8E13F /* PBXTargetDependency */ = {
			isa = PBXTargetDependency;
			target = 8BD602E71F45AC0000C8E13F /* ABTodolist */;
			targetProxy = 8BD602FD1F45AC0000C8E13F /* PBXContainerItemProxy */;
		};
/* End PBXTargetDependency section */

/* Begin PBXVariantGroup section */
		8BD602EF1F45AC0000C8E13F /* Main.storyboard */ = {
			isa = PBXVariantGroup;
			children = (
				8BD602F01F45AC0000C8E13F /* Base */,
			);
			name = Main.storyboard;
			sourceTree = "<group>";
		};
		8BD602F41F45AC0000C8E13F /* LaunchScreen.storyboard */ = {
			isa = PBXVariantGroup;
			children = (
				8BD602F51F45AC0000C8E13F /* Base */,
			);
			name = LaunchScreen.storyboard;
			sourceTree = "<group>";
		};
/* End PBXVariantGroup section */

/* Begin XCBuildConfiguration section */
		8BD603031F45AC0000C8E13F /* Debug */ = {
			isa = XCBuildConfiguration;
			buildSettings = {
				ALWAYS_SEARCH_USER_PATHS = NO;
				CLANG_ANALYZER_NONNULL = YES;
				CLANG_ANALYZER_NUMBER_OBJECT_CONVERSION = YES_AGGRESSIVE;
				CLANG_CXX_LANGUAGE_STANDARD = "gnu++0x";
				CLANG_CXX_LIBRARY = "libc++";
				CLANG_ENABLE_MODULES = YES;
				CLANG_ENABLE_OBJC_ARC = YES;
				CLANG_WARN_BOOL_CONVERSION = YES;
				CLANG_WARN_CONSTANT_CONVERSION = YES;
				CLANG_WARN_DIRECT_OBJC_ISA_USAGE = YES_ERROR;
				CLANG_WARN_DOCUMENTATION_COMMENTS = YES;
				CLANG_WARN_EMPTY_BODY = YES;
				CLANG_WARN_ENUM_CONVERSION = YES;
				CLANG_WARN_INFINITE_RECURSION = YES;
				CLANG_WARN_INT_CONVERSION = YES;
				CLANG_WARN_OBJC_ROOT_CLASS = YES_ERROR;
				CLANG_WARN_SUSPICIOUS_MOVE = YES;
				CLANG_WARN_UNREACHABLE_CODE = YES;
				CLANG_WARN__DUPLICATE_METHOD_MATCH = YES;
				"CODE_SIGN_IDENTITY[sdk=iphoneos*]" = "iPhone Developer";
				COPY_PHASE_STRIP = NO;
				DEBUG_INFORMATION_FORMAT = dwarf;
				ENABLE_STRICT_OBJC_MSGSEND = YES;
				ENABLE_TESTABILITY = YES;
				GCC_C_LANGUAGE_STANDARD = gnu99;
				GCC_DYNAMIC_NO_PIC = NO;
				GCC_NO_COMMON_BLOCKS = YES;
				GCC_OPTIMIZATION_LEVEL = 0;
				GCC_PREPROCESSOR_DEFINITIONS = (
					"DEBUG=1",
					"$(inherited)",
				);
				GCC_WARN_64_TO_32_BIT_CONVERSION = YES;
				GCC_WARN_ABOUT_RETURN_TYPE = YES_ERROR;
				GCC_WARN_UNDECLARED_SELECTOR = YES;
				GCC_WARN_UNINITIALIZED_AUTOS = YES_AGGRESSIVE;
				GCC_WARN_UNUSED_FUNCTION = YES;
				GCC_WARN_UNUSED_VARIABLE = YES;
				IPHONEOS_DEPLOYMENT_TARGET = 10.3;
				MTL_ENABLE_DEBUG_INFO = YES;
				ONLY_ACTIVE_ARCH = YES;
				SDKROOT = iphoneos;
				SWIFT_ACTIVE_COMPILATION_CONDITIONS = DEBUG;
				SWIFT_OPTIMIZATION_LEVEL = "-Onone";
				TARGETED_DEVICE_FAMILY = "1,2";
			};
			name = Debug;
		};
		8BD603041F45AC0000C8E13F /* Release */ = {
			isa = XCBuildConfiguration;
			buildSettings = {
				ALWAYS_SEARCH_USER_PATHS = NO;
				CLANG_ANALYZER_NONNULL = YES;
				CLANG_ANALYZER_NUMBER_OBJECT_CONVERSION = YES_AGGRESSIVE;
				CLANG_CXX_LANGUAGE_STANDARD = "gnu++0x";
				CLANG_CXX_LIBRARY = "libc++";
				CLANG_ENABLE_MODULES = YES;
				CLANG_ENABLE_OBJC_ARC = YES;
				CLANG_WARN_BOOL_CONVERSION = YES;
				CLANG_WARN_CONSTANT_CONVERSION = YES;
				CLANG_WARN_DIRECT_OBJC_ISA_USAGE = YES_ERROR;
				CLANG_WARN_DOCUMENTATION_COMMENTS = YES;
				CLANG_WARN_EMPTY_BODY = YES;
				CLANG_WARN_ENUM_CONVERSION = YES;
				CLANG_WARN_INFINITE_RECURSION = YES;
				CLANG_WARN_INT_CONVERSION = YES;
				CLANG_WARN_OBJC_ROOT_CLASS = YES_ERROR;
				CLANG_WARN_SUSPICIOUS_MOVE = YES;
				CLANG_WARN_UNREACHABLE_CODE = YES;
				CLANG_WARN__DUPLICATE_METHOD_MATCH = YES;
				"CODE_SIGN_IDENTITY[sdk=iphoneos*]" = "iPhone Developer";
				COPY_PHASE_STRIP = NO;
				DEBUG_INFORMATION_FORMAT = "dwarf-with-dsym";
				ENABLE_NS_ASSERTIONS = NO;
				ENABLE_STRICT_OBJC_MSGSEND = YES;
				GCC_C_LANGUAGE_STANDARD = gnu99;
				GCC_NO_COMMON_BLOCKS = YES;
				GCC_WARN_64_TO_32_BIT_CONVERSION = YES;
				GCC_WARN_ABOUT_RETURN_TYPE = YES_ERROR;
				GCC_WARN_UNDECLARED_SELECTOR = YES;
				GCC_WARN_UNINITIALIZED_AUTOS = YES_AGGRESSIVE;
				GCC_WARN_UNUSED_FUNCTION = YES;
				GCC_WARN_UNUSED_VARIABLE = YES;
				IPHONEOS_DEPLOYMENT_TARGET = 10.3;
				MTL_ENABLE_DEBUG_INFO = NO;
				SDKROOT = iphoneos;
				SWIFT_OPTIMIZATION_LEVEL = "-Owholemodule";
				TARGETED_DEVICE_FAMILY = "1,2";
				VALIDATE_PRODUCT = YES;
			};
			name = Release;
		};
		8BD603061F45AC0000C8E13F /* Debug */ = {
			isa = XCBuildConfiguration;
			buildSettings = {
				ASSETCATALOG_COMPILER_APPICON_NAME = AppIcon;
				DEVELOPMENT_TEAM = W8R8P386T7;
				INFOPLIST_FILE = ABTodolist/Info.plist;
				LD_RUNPATH_SEARCH_PATHS = "$(inherited) @executable_path/Frameworks";
				PRODUCT_BUNDLE_IDENTIFIER = be.brosteau.alexandre.ABTodolist;
				PRODUCT_NAME = "$(TARGET_NAME)";
				SWIFT_VERSION = 3.0;
			};
			name = Debug;
		};
		8BD603071F45AC0000C8E13F /* Release */ = {
			isa = XCBuildConfiguration;
			buildSettings = {
				ASSETCATALOG_COMPILER_APPICON_NAME = AppIcon;
				DEVELOPMENT_TEAM = W8R8P386T7;
				INFOPLIST_FILE = ABTodolist/Info.plist;
				LD_RUNPATH_SEARCH_PATHS = "$(inherited) @executable_path/Frameworks";
				PRODUCT_BUNDLE_IDENTIFIER = be.brosteau.alexandre.ABTodolist;
				PRODUCT_NAME = "$(TARGET_NAME)";
				SWIFT_VERSION = 3.0;
			};
			name = Release;
		};
		8BD603091F45AC0000C8E13F /* Debug */ = {
			isa = XCBuildConfiguration;
			buildSettings = {
				ALWAYS_EMBED_SWIFT_STANDARD_LIBRARIES = YES;
				BUNDLE_LOADER = "$(TEST_HOST)";
				INFOPLIST_FILE = ABTodolistTests/Info.plist;
				LD_RUNPATH_SEARCH_PATHS = "$(inherited) @executable_path/Frameworks @loader_path/Frameworks";
				PRODUCT_BUNDLE_IDENTIFIER = be.brosteau.alexandre.ABTodolistTests;
				PRODUCT_NAME = "$(TARGET_NAME)";
				SWIFT_VERSION = 3.0;
				TEST_HOST = "$(BUILT_PRODUCTS_DIR)/ABTodolist.app/ABTodolist";
			};
			name = Debug;
		};
		8BD6030A1F45AC0000C8E13F /* Release */ = {
			isa = XCBuildConfiguration;
			buildSettings = {
				ALWAYS_EMBED_SWIFT_STANDARD_LIBRARIES = YES;
				BUNDLE_LOADER = "$(TEST_HOST)";
				INFOPLIST_FILE = ABTodolistTests/Info.plist;
				LD_RUNPATH_SEARCH_PATHS = "$(inherited) @executable_path/Frameworks @loader_path/Frameworks";
				PRODUCT_BUNDLE_IDENTIFIER = be.brosteau.alexandre.ABTodolistTests;
				PRODUCT_NAME = "$(TARGET_NAME)";
				SWIFT_VERSION = 3.0;
				TEST_HOST = "$(BUILT_PRODUCTS_DIR)/ABTodolist.app/ABTodolist";
			};
			name = Release;
		};
/* End XCBuildConfiguration section */

/* Begin XCConfigurationList section */
		8BD602E31F45AC0000C8E13F /* Build configuration list for PBXProject "ABTodolist" */ = {
			isa = XCConfigurationList;
			buildConfigurations = (
				8BD603031F45AC0000C8E13F /* Debug */,
				8BD603041F45AC0000C8E13F /* Release */,
			);
			defaultConfigurationIsVisible = 0;
			defaultConfigurationName = Release;
		};
		8BD603051F45AC0000C8E13F /* Build configuration list for PBXNativeTarget "ABTodolist" */ = {
			isa = XCConfigurationList;
			buildConfigurations = (
				8BD603061F45AC0000C8E13F /* Debug */,
				8BD603071F45AC0000C8E13F /* Release */,
			);
			defaultConfigurationIsVisible = 0;
			defaultConfigurationName = Release;
		};
		8BD603081F45AC0000C8E13F /* Build configuration list for PBXNativeTarget "ABTodolistTests" */ = {
			isa = XCConfigurationList;
			buildConfigurations = (
				8BD603091F45AC0000C8E13F /* Debug */,
				8BD6030A1F45AC0000C8E13F /* Release */,
			);
			defaultConfigurationIsVisible = 0;
			defaultConfigurationName = Release;
		};
/* End XCConfigurationList section */
	};
	rootObject = 8BD602E01F45AC0000C8E13F /* Project object */;
}
